<?xml version="1.0" encoding="utf-8"?>
<Project ToolsVersion="4.0" xmlns="http://schemas.microsoft.com/developer/msbuild/2003">
  <ItemGroup>
    <Filter Include="Source Files">
      <UniqueIdentifier>{4FC737F1-C7A5-4376-A066-2A32D752A2FF}</UniqueIdentifier>
      <Extensions>cpp;c;cc;cxx;def;odl;idl;hpj;bat;asm;asmx</Extensions>
    </Filter>
    <Filter Include="Header Files">
      <UniqueIdentifier>{93995380-89BD-4b04-88EB-625FBE52EBFB}</UniqueIdentifier>
      <Extensions>h;hh;hpp;hxx;hm;inl;inc;xsd</Extensions>
    </Filter>
    <Filter Include="Resource Files">
      <UniqueIdentifier>{D9D6E242-F8AF-46E4-B9FD-80ECBC20BA3E}</UniqueIdentifier>
      <Extensions>qrc;*</Extensions>
      <ParseFiles>false</ParseFiles>
    </Filter>
    <Filter Include="Form Files">
      <UniqueIdentifier>{99349809-55BA-4b9d-BF79-8FDBB0286EB3}</UniqueIdentifier>
      <Extensions>ui</Extensions>
    </Filter>
    <Filter Include="Resource Files">
      <UniqueIdentifier>{D9D6E242-F8AF-46E4-B9FD-80ECBC20BA3E}</UniqueIdentifier>
      <Extensions>qrc;*</Extensions>
      <ParseFiles>false</ParseFiles>
    </Filter>
    <Filter Include="Generated Files">
      <UniqueIdentifier>{71ED8ED8-ACB9-4CE9-BBE1-E00B30144E11}</UniqueIdentifier>
      <Extensions>moc;h;cpp</Extensions>
      <SourceControlFiles>False</SourceControlFiles>
    </Filter>
    <Filter Include="gloox">
      <UniqueIdentifier>{59a9de1f-4334-4e83-ada0-ff25fc19bfb9}</UniqueIdentifier>
    </Filter>
    <Filter Include="HomePage">
      <UniqueIdentifier>{0758c93a-82ac-4434-961e-838ac0b22839}</UniqueIdentifier>
    </Filter>
    <Filter Include="HomePage\UI">
      <UniqueIdentifier>{c39b9a63-591f-4b10-ae3f-cc1a1b05cc59}</UniqueIdentifier>
    </Filter>
    <Filter Include="HomePage\NetworkInterface">
      <UniqueIdentifier>{e8b3f641-22e5-4012-9bdc-ec9748d5d973}</UniqueIdentifier>
    </Filter>
    <Filter Include="HomePage\UserAccount">
      <UniqueIdentifier>{dcad2c45-62e5-458c-9e8c-6e65c1c8ff4b}</UniqueIdentifier>
    </Filter>
    <Filter Include="Chat">
      <UniqueIdentifier>{e974bdb0-d5cc-45db-829d-e7cc521bd091}</UniqueIdentifier>
    </Filter>
    <Filter Include="Chat\UI">
      <UniqueIdentifier>{8123d6ac-58a5-46b8-a7e6-73da5d096bc3}</UniqueIdentifier>
    </Filter>
    <Filter Include="LoginPage">
      <UniqueIdentifier>{3e6a538e-f35f-432a-abc3-129eaee96a8f}</UniqueIdentifier>
    </Filter>
    <Filter Include="Chat\UI\emoji">
      <UniqueIdentifier>{292415f5-07ce-4a70-89ce-91bc101fe257}</UniqueIdentifier>
    </Filter>
  </ItemGroup>
  <ItemGroup>
    <ClCompile Include="main.cpp">
      <Filter>Source Files</Filter>
    </ClCompile>
    <ClCompile Include="HomePage\HomePage.cpp">
      <Filter>HomePage\UI</Filter>
    </ClCompile>
    <ClCompile Include="HomePage\ContactWidget.cpp">
      <Filter>HomePage\UI</Filter>
    </ClCompile>
    <ClCompile Include="HomePage\ContactsListWidget.cpp">
      <Filter>HomePage\UI</Filter>
    </ClCompile>
    <ClCompile Include="Chat\ChatDialog.cpp">
      <Filter>Chat\UI</Filter>
    </ClCompile>
    <ClCompile Include="Chat\ChatWindow.cpp">
      <Filter>Chat\UI</Filter>
    </ClCompile>
    <ClCompile Include="Chat\EmojiWidget.cpp">
      <Filter>Chat\UI\emoji</Filter>
    </ClCompile>
    <ClCompile Include="HomePage\AddFriendDialog.cpp">
      <Filter>HomePage\UI</Filter>
    </ClCompile>
    <ClCompile Include="HomePage\CustomMucRoom.cpp">
      <Filter>HomePage\NetworkInterface</Filter>
    </ClCompile>
    <ClCompile Include="HomePage\CustomRosterListener.cpp">
      <Filter>HomePage\NetworkInterface</Filter>
    </ClCompile>
    <ClCompile Include="HomePage\CustomVCardHandler.cpp">
      <Filter>HomePage\NetworkInterface</Filter>
    </ClCompile>
    <ClCompile Include="HomePage\GlooxManager.cpp">
      <Filter>HomePage\NetworkInterface</Filter>
    </ClCompile>
    <ClCompile Include="HomePage\AccountInfo.cpp">
      <Filter>HomePage\UserAccount</Filter>
    </ClCompile>
    <ClCompile Include="HomePage\AccountManager.cpp">
      <Filter>HomePage\UserAccount</Filter>
    </ClCompile>
    <ClCompile Include="LoginPage\LoginInfoManager.cpp">
      <Filter>LoginPage</Filter>
    </ClCompile>
    <ClCompile Include="LoginPage\LoginWindow.cpp">
      <Filter>LoginPage</Filter>
    </ClCompile>
  </ItemGroup>
  <ItemGroup>
    <QtMoc Include="HomePage\HomePage.h">
      <Filter>HomePage\UI</Filter>
    </QtMoc>
    <QtMoc Include="HomePage\ContactWidget.h">
      <Filter>HomePage\UI</Filter>
    </QtMoc>
    <QtMoc Include="HomePage\ContactsListWidget.h">
      <Filter>HomePage\UI</Filter>
    </QtMoc>
    <QtMoc Include="Chat\ChatDialog.h">
      <Filter>Chat\UI</Filter>
    </QtMoc>
    <QtMoc Include="Chat\ChatWindow.h">
      <Filter>Chat\UI</Filter>
    </QtMoc>
    <QtMoc Include="Chat\EmojiWidget.h">
      <Filter>Chat\UI\emoji</Filter>
    </QtMoc>
    <QtMoc Include="HomePage\AddFriendDialog.h">
      <Filter>HomePage\UI</Filter>
    </QtMoc>
    <QtMoc Include="LoginPage\LoginWindow.h">
      <Filter>LoginPage</Filter>
    </QtMoc>
  </ItemGroup>
  <ItemGroup>
    <QtUic Include="HomePage\HomePage.ui">
      <Filter>Form Files</Filter>
    </QtUic>
    <QtUic Include="Chat\ChatDialog.ui">
      <Filter>Form Files</Filter>
    </QtUic>
    <QtUic Include="Chat\ChatWindow.ui">
      <Filter>Form Files</Filter>
    </QtUic>
    <QtUic Include="Chat\EmojiWidget.ui">
      <Filter>Form Files</Filter>
    </QtUic>
    <QtUic Include="HomePage\AddFriendDialog.ui">
      <Filter>Form Files</Filter>
    </QtUic>
    <QtUic Include="LoginPage\LoginWindow.ui">
      <Filter>Form Files</Filter>
    </QtUic>
  </ItemGroup>
  <ItemGroup>
    <QtRcc Include="LoginWindow.qrc">
      <Filter>Resource Files</Filter>
    </QtRcc>
  </ItemGroup>
  <ItemGroup>
    <ClInclude Include="inc.h">
      <Filter>Header Files</Filter>
    </ClInclude>
    <ClInclude Include="gloox\adhoc.h">
      <Filter>gloox</Filter>
    </ClInclude>
    <ClInclude Include="gloox\adhoccommandprovider.h">
      <Filter>gloox</Filter>
    </ClInclude>
    <ClInclude Include="gloox\adhochandler.h">
      <Filter>gloox</Filter>
    </ClInclude>
    <ClInclude Include="gloox\adhocplugin.h">
      <Filter>gloox</Filter>
    </ClInclude>
    <ClInclude Include="gloox\amp.h">
      <Filter>gloox</Filter>
    </ClInclude>
    <ClInclude Include="gloox\annotations.h">
      <Filter>gloox</Filter>
    </ClInclude>
    <ClInclude Include="gloox\annotationshandler.h">
      <Filter>gloox</Filter>
    </ClInclude>
    <ClInclude Include="gloox\atomicrefcount.h">
      <Filter>gloox</Filter>
    </ClInclude>
    <ClInclude Include="gloox\attention.h">
      <Filter>gloox</Filter>
    </ClInclude>
    <ClInclude Include="gloox\base64.h">
      <Filter>gloox</Filter>
    </ClInclude>
    <ClInclude Include="gloox\bookmarkhandler.h">
      <Filter>gloox</Filter>
    </ClInclude>
    <ClInclude Include="gloox\bookmarkstorage.h">
      <Filter>gloox</Filter>
    </ClInclude>
    <ClInclude Include="gloox\bytestream.h">
      <Filter>gloox</Filter>
    </ClInclude>
    <ClInclude Include="gloox\bytestreamdatahandler.h">
      <Filter>gloox</Filter>
    </ClInclude>
    <ClInclude Include="gloox\bytestreamhandler.h">
      <Filter>gloox</Filter>
    </ClInclude>
    <ClInclude Include="gloox\capabilities.h">
      <Filter>gloox</Filter>
    </ClInclude>
    <ClInclude Include="gloox\carbons.h">
      <Filter>gloox</Filter>
    </ClInclude>
    <ClInclude Include="gloox\chatstate.h">
      <Filter>gloox</Filter>
    </ClInclude>
    <ClInclude Include="gloox\chatstatefilter.h">
      <Filter>gloox</Filter>
    </ClInclude>
    <ClInclude Include="gloox\chatstatehandler.h">
      <Filter>gloox</Filter>
    </ClInclude>
    <ClInclude Include="gloox\client.h">
      <Filter>gloox</Filter>
    </ClInclude>
    <ClInclude Include="gloox\clientbase.h">
      <Filter>gloox</Filter>
    </ClInclude>
    <ClInclude Include="gloox\component.h">
      <Filter>gloox</Filter>
    </ClInclude>
    <ClInclude Include="gloox\compressionbase.h">
      <Filter>gloox</Filter>
    </ClInclude>
    <ClInclude Include="gloox\compressiondatahandler.h">
      <Filter>gloox</Filter>
    </ClInclude>
    <ClInclude Include="gloox\compressiondefault.h">
      <Filter>gloox</Filter>
    </ClInclude>
    <ClInclude Include="gloox\compressionzlib.h">
      <Filter>gloox</Filter>
    </ClInclude>
    <ClInclude Include="gloox\config.h">
      <Filter>gloox</Filter>
    </ClInclude>
    <ClInclude Include="gloox\connectionbase.h">
      <Filter>gloox</Filter>
    </ClInclude>
    <ClInclude Include="gloox\connectionbosh.h">
      <Filter>gloox</Filter>
    </ClInclude>
    <ClInclude Include="gloox\connectiondatahandler.h">
      <Filter>gloox</Filter>
    </ClInclude>
    <ClInclude Include="gloox\connectionhandler.h">
      <Filter>gloox</Filter>
    </ClInclude>
    <ClInclude Include="gloox\connectionhttpproxy.h">
      <Filter>gloox</Filter>
    </ClInclude>
    <ClInclude Include="gloox\connectionlistener.h">
      <Filter>gloox</Filter>
    </ClInclude>
    <ClInclude Include="gloox\connectionsocks5proxy.h">
      <Filter>gloox</Filter>
    </ClInclude>
    <ClInclude Include="gloox\connectiontcpbase.h">
      <Filter>gloox</Filter>
    </ClInclude>
    <ClInclude Include="gloox\connectiontcpclient.h">
      <Filter>gloox</Filter>
    </ClInclude>
    <ClInclude Include="gloox\connectiontcpserver.h">
      <Filter>gloox</Filter>
    </ClInclude>
    <ClInclude Include="gloox\connectiontls.h">
      <Filter>gloox</Filter>
    </ClInclude>
    <ClInclude Include="gloox\connectiontlsserver.h">
      <Filter>gloox</Filter>
    </ClInclude>
    <ClInclude Include="gloox\dataform.h">
      <Filter>gloox</Filter>
    </ClInclude>
    <ClInclude Include="gloox\dataformfield.h">
      <Filter>gloox</Filter>
    </ClInclude>
    <ClInclude Include="gloox\dataformfieldcontainer.h">
      <Filter>gloox</Filter>
    </ClInclude>
    <ClInclude Include="gloox\dataformitem.h">
      <Filter>gloox</Filter>
    </ClInclude>
    <ClInclude Include="gloox\dataformreported.h">
      <Filter>gloox</Filter>
    </ClInclude>
    <ClInclude Include="gloox\delayeddelivery.h">
      <Filter>gloox</Filter>
    </ClInclude>
    <ClInclude Include="gloox\disco.h">
      <Filter>gloox</Filter>
    </ClInclude>
    <ClInclude Include="gloox\discohandler.h">
      <Filter>gloox</Filter>
    </ClInclude>
    <ClInclude Include="gloox\disconodehandler.h">
      <Filter>gloox</Filter>
    </ClInclude>
    <ClInclude Include="gloox\dns.h">
      <Filter>gloox</Filter>
    </ClInclude>
    <ClInclude Include="gloox\error.h">
      <Filter>gloox</Filter>
    </ClInclude>
    <ClInclude Include="gloox\event.h">
      <Filter>gloox</Filter>
    </ClInclude>
    <ClInclude Include="gloox\eventdispatcher.h">
      <Filter>gloox</Filter>
    </ClInclude>
    <ClInclude Include="gloox\eventhandler.h">
      <Filter>gloox</Filter>
    </ClInclude>
    <ClInclude Include="gloox\featureneg.h">
      <Filter>gloox</Filter>
    </ClInclude>
    <ClInclude Include="gloox\flexoff.h">
      <Filter>gloox</Filter>
    </ClInclude>
    <ClInclude Include="gloox\flexoffhandler.h">
      <Filter>gloox</Filter>
    </ClInclude>
    <ClInclude Include="gloox\forward.h">
      <Filter>gloox</Filter>
    </ClInclude>
    <ClInclude Include="gloox\gloox.h">
      <Filter>gloox</Filter>
    </ClInclude>
    <ClInclude Include="gloox\glooxversion.h">
      <Filter>gloox</Filter>
    </ClInclude>
    <ClInclude Include="gloox\gpgencrypted.h">
      <Filter>gloox</Filter>
    </ClInclude>
    <ClInclude Include="gloox\gpgsigned.h">
      <Filter>gloox</Filter>
    </ClInclude>
    <ClInclude Include="gloox\inbandbytestream.h">
      <Filter>gloox</Filter>
    </ClInclude>
    <ClInclude Include="gloox\instantmucroom.h">
      <Filter>gloox</Filter>
    </ClInclude>
    <ClInclude Include="gloox\iodata.h">
      <Filter>gloox</Filter>
    </ClInclude>
    <ClInclude Include="gloox\iq.h">
      <Filter>gloox</Filter>
    </ClInclude>
    <ClInclude Include="gloox\iqhandler.h">
      <Filter>gloox</Filter>
    </ClInclude>
    <ClInclude Include="gloox\jid.h">
      <Filter>gloox</Filter>
    </ClInclude>
    <ClInclude Include="gloox\jinglecontent.h">
      <Filter>gloox</Filter>
    </ClInclude>
    <ClInclude Include="gloox\jinglefiletransfer.h">
      <Filter>gloox</Filter>
    </ClInclude>
    <ClInclude Include="gloox\jingleiceudp.h">
      <Filter>gloox</Filter>
    </ClInclude>
    <ClInclude Include="gloox\jingleplugin.h">
      <Filter>gloox</Filter>
    </ClInclude>
    <ClInclude Include="gloox\jinglepluginfactory.h">
      <Filter>gloox</Filter>
    </ClInclude>
    <ClInclude Include="gloox\jinglesession.h">
      <Filter>gloox</Filter>
    </ClInclude>
    <ClInclude Include="gloox\jinglesessionhandler.h">
      <Filter>gloox</Filter>
    </ClInclude>
    <ClInclude Include="gloox\jinglesessionmanager.h">
      <Filter>gloox</Filter>
    </ClInclude>
    <ClInclude Include="gloox\lastactivity.h">
      <Filter>gloox</Filter>
    </ClInclude>
    <ClInclude Include="gloox\lastactivityhandler.h">
      <Filter>gloox</Filter>
    </ClInclude>
    <ClInclude Include="gloox\linklocal.h">
      <Filter>gloox</Filter>
    </ClInclude>
    <ClInclude Include="gloox\linklocalclient.h">
      <Filter>gloox</Filter>
    </ClInclude>
    <ClInclude Include="gloox\linklocalhandler.h">
      <Filter>gloox</Filter>
    </ClInclude>
    <ClInclude Include="gloox\linklocalmanager.h">
      <Filter>gloox</Filter>
    </ClInclude>
    <ClInclude Include="gloox\loghandler.h">
      <Filter>gloox</Filter>
    </ClInclude>
    <ClInclude Include="gloox\logsink.h">
      <Filter>gloox</Filter>
    </ClInclude>
    <ClInclude Include="gloox\macros.h">
      <Filter>gloox</Filter>
    </ClInclude>
    <ClInclude Include="gloox\md5.h">
      <Filter>gloox</Filter>
    </ClInclude>
    <ClInclude Include="gloox\message.h">
      <Filter>gloox</Filter>
    </ClInclude>
    <ClInclude Include="gloox\messageevent.h">
      <Filter>gloox</Filter>
    </ClInclude>
    <ClInclude Include="gloox\messageeventfilter.h">
      <Filter>gloox</Filter>
    </ClInclude>
    <ClInclude Include="gloox\messageeventhandler.h">
      <Filter>gloox</Filter>
    </ClInclude>
    <ClInclude Include="gloox\messagefilter.h">
      <Filter>gloox</Filter>
    </ClInclude>
    <ClInclude Include="gloox\messagehandler.h">
      <Filter>gloox</Filter>
    </ClInclude>
    <ClInclude Include="gloox\messagesession.h">
      <Filter>gloox</Filter>
    </ClInclude>
    <ClInclude Include="gloox\messagesessionhandler.h">
      <Filter>gloox</Filter>
    </ClInclude>
    <ClInclude Include="gloox\mucinvitationhandler.h">
      <Filter>gloox</Filter>
    </ClInclude>
    <ClInclude Include="gloox\mucmessagesession.h">
      <Filter>gloox</Filter>
    </ClInclude>
    <ClInclude Include="gloox\mucroom.h">
      <Filter>gloox</Filter>
    </ClInclude>
    <ClInclude Include="gloox\mucroomconfighandler.h">
      <Filter>gloox</Filter>
    </ClInclude>
    <ClInclude Include="gloox\mucroomhandler.h">
      <Filter>gloox</Filter>
    </ClInclude>
    <ClInclude Include="gloox\mutex.h">
      <Filter>gloox</Filter>
    </ClInclude>
    <ClInclude Include="gloox\mutexguard.h">
      <Filter>gloox</Filter>
    </ClInclude>
    <ClInclude Include="gloox\nickname.h">
      <Filter>gloox</Filter>
    </ClInclude>
    <ClInclude Include="gloox\nonsaslauth.h">
      <Filter>gloox</Filter>
    </ClInclude>
    <ClInclude Include="gloox\oob.h">
      <Filter>gloox</Filter>
    </ClInclude>
    <ClInclude Include="gloox\parser.h">
      <Filter>gloox</Filter>
    </ClInclude>
    <ClInclude Include="gloox\prep.h">
      <Filter>gloox</Filter>
    </ClInclude>
    <ClInclude Include="gloox\presence.h">
      <Filter>gloox</Filter>
    </ClInclude>
    <ClInclude Include="gloox\presencehandler.h">
      <Filter>gloox</Filter>
    </ClInclude>
    <ClInclude Include="gloox\privacyitem.h">
      <Filter>gloox</Filter>
    </ClInclude>
    <ClInclude Include="gloox\privacylisthandler.h">
      <Filter>gloox</Filter>
    </ClInclude>
    <ClInclude Include="gloox\privacymanager.h">
      <Filter>gloox</Filter>
    </ClInclude>
    <ClInclude Include="gloox\privatexml.h">
      <Filter>gloox</Filter>
    </ClInclude>
    <ClInclude Include="gloox\privatexmlhandler.h">
      <Filter>gloox</Filter>
    </ClInclude>
    <ClInclude Include="gloox\pubsub.h">
      <Filter>gloox</Filter>
    </ClInclude>
    <ClInclude Include="gloox\pubsubevent.h">
      <Filter>gloox</Filter>
    </ClInclude>
    <ClInclude Include="gloox\pubsubitem.h">
      <Filter>gloox</Filter>
    </ClInclude>
    <ClInclude Include="gloox\pubsubmanager.h">
      <Filter>gloox</Filter>
    </ClInclude>
    <ClInclude Include="gloox\pubsubresulthandler.h">
      <Filter>gloox</Filter>
    </ClInclude>
    <ClInclude Include="gloox\receipt.h">
      <Filter>gloox</Filter>
    </ClInclude>
    <ClInclude Include="gloox\registration.h">
      <Filter>gloox</Filter>
    </ClInclude>
    <ClInclude Include="gloox\registrationhandler.h">
      <Filter>gloox</Filter>
    </ClInclude>
    <ClInclude Include="gloox\resource.h">
      <Filter>gloox</Filter>
    </ClInclude>
    <ClInclude Include="gloox\rosteritem.h">
      <Filter>gloox</Filter>
    </ClInclude>
    <ClInclude Include="gloox\rosteritemdata.h">
      <Filter>gloox</Filter>
    </ClInclude>
    <ClInclude Include="gloox\rosterlistener.h">
      <Filter>gloox</Filter>
    </ClInclude>
    <ClInclude Include="gloox\rostermanager.h">
      <Filter>gloox</Filter>
    </ClInclude>
    <ClInclude Include="gloox\search.h">
      <Filter>gloox</Filter>
    </ClInclude>
    <ClInclude Include="gloox\searchhandler.h">
      <Filter>gloox</Filter>
    </ClInclude>
    <ClInclude Include="gloox\sha.h">
      <Filter>gloox</Filter>
    </ClInclude>
    <ClInclude Include="gloox\shim.h">
      <Filter>gloox</Filter>
    </ClInclude>
    <ClInclude Include="gloox\sihandler.h">
      <Filter>gloox</Filter>
    </ClInclude>
    <ClInclude Include="gloox\simanager.h">
      <Filter>gloox</Filter>
    </ClInclude>
    <ClInclude Include="gloox\siprofileft.h">
      <Filter>gloox</Filter>
    </ClInclude>
    <ClInclude Include="gloox\siprofilefthandler.h">
      <Filter>gloox</Filter>
    </ClInclude>
    <ClInclude Include="gloox\siprofilehandler.h">
      <Filter>gloox</Filter>
    </ClInclude>
    <ClInclude Include="gloox\socks5bytestream.h">
      <Filter>gloox</Filter>
    </ClInclude>
    <ClInclude Include="gloox\socks5bytestreammanager.h">
      <Filter>gloox</Filter>
    </ClInclude>
    <ClInclude Include="gloox\socks5bytestreamserver.h">
      <Filter>gloox</Filter>
    </ClInclude>
    <ClInclude Include="gloox\softwareversion.h">
      <Filter>gloox</Filter>
    </ClInclude>
    <ClInclude Include="gloox\stanza.h">
      <Filter>gloox</Filter>
    </ClInclude>
    <ClInclude Include="gloox\stanzaextension.h">
      <Filter>gloox</Filter>
    </ClInclude>
    <ClInclude Include="gloox\stanzaextensionfactory.h">
      <Filter>gloox</Filter>
    </ClInclude>
    <ClInclude Include="gloox\statisticshandler.h">
      <Filter>gloox</Filter>
    </ClInclude>
    <ClInclude Include="gloox\subscription.h">
      <Filter>gloox</Filter>
    </ClInclude>
    <ClInclude Include="gloox\subscriptionhandler.h">
      <Filter>gloox</Filter>
    </ClInclude>
    <ClInclude Include="gloox\tag.h">
      <Filter>gloox</Filter>
    </ClInclude>
    <ClInclude Include="gloox\taghandler.h">
      <Filter>gloox</Filter>
    </ClInclude>
    <ClInclude Include="gloox\tlsbase.h">
      <Filter>gloox</Filter>
    </ClInclude>
    <ClInclude Include="gloox\tlsdefault.h">
      <Filter>gloox</Filter>
    </ClInclude>
    <ClInclude Include="gloox\tlsgnutlsbase.h">
      <Filter>gloox</Filter>
    </ClInclude>
    <ClInclude Include="gloox\tlsgnutlsclient.h">
      <Filter>gloox</Filter>
    </ClInclude>
    <ClInclude Include="gloox\tlsgnutlsclientanon.h">
      <Filter>gloox</Filter>
    </ClInclude>
    <ClInclude Include="gloox\tlsgnutlsserveranon.h">
      <Filter>gloox</Filter>
    </ClInclude>
    <ClInclude Include="gloox\tlshandler.h">
      <Filter>gloox</Filter>
    </ClInclude>
    <ClInclude Include="gloox\tlsopensslbase.h">
      <Filter>gloox</Filter>
    </ClInclude>
    <ClInclude Include="gloox\tlsopensslclient.h">
      <Filter>gloox</Filter>
    </ClInclude>
    <ClInclude Include="gloox\tlsopensslserver.h">
      <Filter>gloox</Filter>
    </ClInclude>
    <ClInclude Include="gloox\tlsschannel.h">
      <Filter>gloox</Filter>
    </ClInclude>
    <ClInclude Include="gloox\uniquemucroom.h">
      <Filter>gloox</Filter>
    </ClInclude>
    <ClInclude Include="gloox\util.h">
      <Filter>gloox</Filter>
    </ClInclude>
    <ClInclude Include="gloox\vcard.h">
      <Filter>gloox</Filter>
    </ClInclude>
    <ClInclude Include="gloox\vcardhandler.h">
      <Filter>gloox</Filter>
    </ClInclude>
    <ClInclude Include="gloox\vcardmanager.h">
      <Filter>gloox</Filter>
    </ClInclude>
    <ClInclude Include="gloox\vcardupdate.h">
      <Filter>gloox</Filter>
    </ClInclude>
    <ClInclude Include="gloox\xhtmlim.h">
      <Filter>gloox</Filter>
    </ClInclude>
    <ClInclude Include="resource.h">
      <Filter>Header Files</Filter>
    </ClInclude>
    <ClInclude Include="UiListener.h">
      <Filter>HomePage\NetworkInterface</Filter>
    </ClInclude>
    <ClInclude Include="HomePage\CustomMucRoom.h">
      <Filter>HomePage\NetworkInterface</Filter>
    </ClInclude>
    <ClInclude Include="HomePage\CustomRosterListener.h">
      <Filter>HomePage\NetworkInterface</Filter>
    </ClInclude>
    <ClInclude Include="HomePage\CustomVCardHandler.h">
      <Filter>HomePage\NetworkInterface</Filter>
    </ClInclude>
    <ClInclude Include="HomePage\GlooxManager.h">
      <Filter>HomePage\NetworkInterface</Filter>
    </ClInclude>
    <ClInclude Include="HomePage\AccountInfo.h">
      <Filter>HomePage\UserAccount</Filter>
    </ClInclude>
    <ClInclude Include="HomePage\AccountManager.h">
      <Filter>HomePage\UserAccount</Filter>
    </ClInclude>
    <ClInclude Include="LoginPage\LoginInfoManager.h">
      <Filter>LoginPage</Filter>
    </ClInclude>
    <ClInclude Include="LoginPage\LoginInterface.h">
      <Filter>LoginPage</Filter>
    </ClInclude>
  </ItemGroup>
</Project>